# THIS IS AN AUTOGENERATED FILE. DO NOT EDIT THIS FILE DIRECTLY.
# yarn lockfile v1


svelte@^3.14.1:
  version "3.14.1"
  resolved "https://registry.yarnpkg.com/svelte/-/svelte-3.14.1.tgz#dd884b5c0fcf8458333902cc7a64dea8ec3b64f8"
  integrity sha512-7gMPjARR9D797MSVaiUkILVfqDaDLKRQAPTGK5kktSmrPWE0iuHRTKIdhpMOa/MSQBM94NMUv8owR4LXrhrgfQ==
